// !$*UTF8*$!
{
	archiveVersion = 1;
	classes = {
	};
	objectVersion = 46;
	objects = {

/* Begin PBXBuildFile section */
		4C406B77165CFA5C00D5BBCF /* UIKit.framework in Frameworks */ = {isa = PBXBuildFile; fileRef = 4C406B76165CFA5C00D5BBCF /* UIKit.framework */; };
		4C406B79165CFA5C00D5BBCF /* Foundation.framework in Frameworks */ = {isa = PBXBuildFile; fileRef = 4C406B78165CFA5C00D5BBCF /* Foundation.framework */; };
		4C406B7B165CFA5C00D5BBCF /* CoreGraphics.framework in Frameworks */ = {isa = PBXBuildFile; fileRef = 4C406B7A165CFA5C00D5BBCF /* CoreGraphics.framework */; };
		4C406B81165CFA5C00D5BBCF /* InfoPlist.strings in Resources */ = {isa = PBXBuildFile; fileRef = 4C406B7F165CFA5C00D5BBCF /* InfoPlist.strings */; };
		4C406B83165CFA5C00D5BBCF /* main.m in Sources */ = {isa = PBXBuildFile; fileRef = 4C406B82165CFA5C00D5BBCF /* main.m */; };
		4C406B87165CFA5C00D5BBCF /* AppDelegate.m in Sources */ = {isa = PBXBuildFile; fileRef = 4C406B86165CFA5C00D5BBCF /* AppDelegate.m */; };
		4C406B89165CFA5C00D5BBCF /* Default.png in Resources */ = {isa = PBXBuildFile; fileRef = 4C406B88165CFA5C00D5BBCF /* Default.png */; };
		4C406B8B165CFA5C00D5BBCF /* Default@2x.png in Resources */ = {isa = PBXBuildFile; fileRef = 4C406B8A165CFA5C00D5BBCF /* Default@2x.png */; };
		4C406B8D165CFA5C00D5BBCF /* Default-568h@2x.png in Resources */ = {isa = PBXBuildFile; fileRef = 4C406B8C165CFA5C00D5BBCF /* Default-568h@2x.png */; };
		4C406BF1165D02A200D5BBCF /* logo.png in Resources */ = {isa = PBXBuildFile; fileRef = 4C406BF0165D02A200D5BBCF /* logo.png */; };
		4C406BF6165D063C00D5BBCF /* WelcomeViewController.xib in Resources */ = {isa = PBXBuildFile; fileRef = 4C406BF4165D063C00D5BBCF /* WelcomeViewController.xib */; };
		4C406BF8165D0AA100D5BBCF /* libxml2.dylib in Frameworks */ = {isa = PBXBuildFile; fileRef = 4C406BF7165D0AA100D5BBCF /* libxml2.dylib */; };
		4C406BFB165D106100D5BBCF /* BaseViewController.m in Sources */ = {isa = PBXBuildFile; fileRef = 4C406BFA165D106100D5BBCF /* BaseViewController.m */; };
		4C406C0C165D1BF100D5BBCF /* arrow-left.png in Resources */ = {isa = PBXBuildFile; fileRef = 4C406C03165D1BF100D5BBCF /* arrow-left.png */; };
		4C406C0D165D1BF100D5BBCF /* arrow-right.png in Resources */ = {isa = PBXBuildFile; fileRef = 4C406C04165D1BF100D5BBCF /* arrow-right.png */; };
		4C406C0E165D1BF100D5BBCF /* arrows.png in Resources */ = {isa = PBXBuildFile; fileRef = 4C406C05165D1BF100D5BBCF /* arrows.png */; };
		4C406C0F165D1BF100D5BBCF /* mm001.png in Resources */ = {isa = PBXBuildFile; fileRef = 4C406C06165D1BF100D5BBCF /* mm001.png */; };
		4C406C10165D1BF100D5BBCF /* mm002.png in Resources */ = {isa = PBXBuildFile; fileRef = 4C406C07165D1BF100D5BBCF /* mm002.png */; };
		4C406C11165D1BF100D5BBCF /* mm003.png in Resources */ = {isa = PBXBuildFile; fileRef = 4C406C08165D1BF100D5BBCF /* mm003.png */; };
		4C406C12165D1BF100D5BBCF /* mm004.png in Resources */ = {isa = PBXBuildFile; fileRef = 4C406C09165D1BF100D5BBCF /* mm004.png */; };
		4C406C13165D1BF100D5BBCF /* mm005.png in Resources */ = {isa = PBXBuildFile; fileRef = 4C406C0A165D1BF100D5BBCF /* mm005.png */; };
		4C406C14165D1BF100D5BBCF /* mm006.png in Resources */ = {isa = PBXBuildFile; fileRef = 4C406C0B165D1BF100D5BBCF /* mm006.png */; };
		4C406C16165D2C1300D5BBCF /* CoreData.framework in Frameworks */ = {isa = PBXBuildFile; fileRef = 4C406C15165D2C1300D5BBCF /* CoreData.framework */; };
		4C406C1F165D2CD100D5BBCF /* WelcomeViewController.m in Sources */ = {isa = PBXBuildFile; fileRef = 4C406C18165D2C4B00D5BBCF /* WelcomeViewController.m */; };
		4C406C21165D390C00D5BBCF /* QuartzCore.framework in Frameworks */ = {isa = PBXBuildFile; fileRef = 4C406C20165D390C00D5BBCF /* QuartzCore.framework */; };
		4C406C2A165E712300D5BBCF /* ArticleBaseViewController.m in Sources */ = {isa = PBXBuildFile; fileRef = 4C406C28165E712300D5BBCF /* ArticleBaseViewController.m */; };
		4C406C2B165E712300D5BBCF /* ArticleBaseViewController.xib in Resources */ = {isa = PBXBuildFile; fileRef = 4C406C29165E712300D5BBCF /* ArticleBaseViewController.xib */; };
		4C406C2F165E717F00D5BBCF /* PhotoBaseViewController.m in Sources */ = {isa = PBXBuildFile; fileRef = 4C406C2D165E717F00D5BBCF /* PhotoBaseViewController.m */; };
		4C406C30165E717F00D5BBCF /* PhotoBaseViewController.xib in Resources */ = {isa = PBXBuildFile; fileRef = 4C406C2E165E717F00D5BBCF /* PhotoBaseViewController.xib */; };
		4C406C34165E719C00D5BBCF /* PostBaseViewController.m in Sources */ = {isa = PBXBuildFile; fileRef = 4C406C32165E719C00D5BBCF /* PostBaseViewController.m */; };
		4C406C35165E719C00D5BBCF /* PostBaseViewController.xib in Resources */ = {isa = PBXBuildFile; fileRef = 4C406C33165E719C00D5BBCF /* PostBaseViewController.xib */; };
		4C406C39165E71EA00D5BBCF /* SettingViewController.m in Sources */ = {isa = PBXBuildFile; fileRef = 4C406C37165E71EA00D5BBCF /* SettingViewController.m */; };
		4C406C3A165E71EA00D5BBCF /* SettingViewController.xib in Resources */ = {isa = PBXBuildFile; fileRef = 4C406C38165E71EA00D5BBCF /* SettingViewController.xib */; };
		4C406C3E165E754C00D5BBCF /* HomeViewController.m in Sources */ = {isa = PBXBuildFile; fileRef = 4C406C3C165E754A00D5BBCF /* HomeViewController.m */; };
		4C406C3F165E754C00D5BBCF /* HomeViewController.xib in Resources */ = {isa = PBXBuildFile; fileRef = 4C406C3D165E754B00D5BBCF /* HomeViewController.xib */; };
		4C406C43165E7E6700D5BBCF /* ArticleListViewController.m in Sources */ = {isa = PBXBuildFile; fileRef = 4C406C41165E7E6700D5BBCF /* ArticleListViewController.m */; };
		4C406C44165E7E6700D5BBCF /* ArticleListViewController.xib in Resources */ = {isa = PBXBuildFile; fileRef = 4C406C42165E7E6700D5BBCF /* ArticleListViewController.xib */; };
		4C406C48165E7ED500D5BBCF /* PhotoListViewController.m in Sources */ = {isa = PBXBuildFile; fileRef = 4C406C46165E7ED500D5BBCF /* PhotoListViewController.m */; };
		4C406C49165E7ED500D5BBCF /* PhotoListViewController.xib in Resources */ = {isa = PBXBuildFile; fileRef = 4C406C47165E7ED500D5BBCF /* PhotoListViewController.xib */; };
		4C406C4D165E7F0F00D5BBCF /* PostListViewController.m in Sources */ = {isa = PBXBuildFile; fileRef = 4C406C4B165E7F0F00D5BBCF /* PostListViewController.m */; };
		4C406C4E165E7F0F00D5BBCF /* PostListViewController.xib in Resources */ = {isa = PBXBuildFile; fileRef = 4C406C4C165E7F0F00D5BBCF /* PostListViewController.xib */; };
		4C406C58165E828000D5BBCF /* blueArrow.png in Resources */ = {isa = PBXBuildFile; fileRef = 4C406C4F165E828000D5BBCF /* blueArrow.png */; };
		4C406C59165E828000D5BBCF /* blueArrow@2x.png in Resources */ = {isa = PBXBuildFile; fileRef = 4C406C50165E828000D5BBCF /* blueArrow@2x.png */; };
		4C406C5A165E828000D5BBCF /* info@2x.png in Resources */ = {isa = PBXBuildFile; fileRef = 4C406C51165E828000D5BBCF /* info@2x.png */; };
		4C406C5B165E828000D5BBCF /* more@2x.png in Resources */ = {isa = PBXBuildFile; fileRef = 4C406C52165E828000D5BBCF /* more@2x.png */; };
		4C406C5C165E828000D5BBCF /* setting@2x.png in Resources */ = {isa = PBXBuildFile; fileRef = 4C406C53165E828000D5BBCF /* setting@2x.png */; };
		4C406C5D165E828000D5BBCF /* share_sina.png in Resources */ = {isa = PBXBuildFile; fileRef = 4C406C54165E828000D5BBCF /* share_sina.png */; };
		4C406C5E165E828000D5BBCF /* share_tencent.png in Resources */ = {isa = PBXBuildFile; fileRef = 4C406C55165E828000D5BBCF /* share_tencent.png */; };
		4C406C5F165E828000D5BBCF /* share@2x.png in Resources */ = {isa = PBXBuildFile; fileRef = 4C406C56165E828000D5BBCF /* share@2x.png */; };
		4C406C60165E828000D5BBCF /* weibo@2x.png in Resources */ = {isa = PBXBuildFile; fileRef = 4C406C57165E828000D5BBCF /* weibo@2x.png */; };
		4C406C66165E915200D5BBCF /* Setting.m in Sources */ = {isa = PBXBuildFile; fileRef = 4C406C65165E915200D5BBCF /* Setting.m */; };
		4C406C69165E916300D5BBCF /* Article.m in Sources */ = {isa = PBXBuildFile; fileRef = 4C406C68165E916300D5BBCF /* Article.m */; };
		4C406C6C165E917000D5BBCF /* Post.m in Sources */ = {isa = PBXBuildFile; fileRef = 4C406C6B165E917000D5BBCF /* Post.m */; };
		4C406C7B165FC9FF00D5BBCF /* ArticleListCell.m in Sources */ = {isa = PBXBuildFile; fileRef = 4C406C7A165FC9FF00D5BBCF /* ArticleListCell.m */; };
		4C406C7D165FCA1E00D5BBCF /* ArticleListCell.xib in Resources */ = {isa = PBXBuildFile; fileRef = 4C406C7C165FCA1E00D5BBCF /* ArticleListCell.xib */; };
		4C406C86165FDA2E00D5BBCF /* LoadingCell.xib in Resources */ = {isa = PBXBuildFile; fileRef = 4C406C85165FDA2E00D5BBCF /* LoadingCell.xib */; };
		4C406C89165FDA4400D5BBCF /* LoadingCell.m in Sources */ = {isa = PBXBuildFile; fileRef = 4C406C88165FDA4400D5BBCF /* LoadingCell.m */; };
		4C406C8C165FDFE400D5BBCF /* LoadingCellSingleton.m in Sources */ = {isa = PBXBuildFile; fileRef = 4C406C8B165FDFE400D5BBCF /* LoadingCellSingleton.m */; };
		4CA3E8F516626488005B9D97 /* CFNetwork.framework in Frameworks */ = {isa = PBXBuildFile; fileRef = 4CA3E8F416626488005B9D97 /* CFNetwork.framework */; };
		4CA3E8F71662649B005B9D97 /* SystemConfiguration.framework in Frameworks */ = {isa = PBXBuildFile; fileRef = 4CA3E8F61662649B005B9D97 /* SystemConfiguration.framework */; };
		4CA3E8F9166264AA005B9D97 /* MobileCoreServices.framework in Frameworks */ = {isa = PBXBuildFile; fileRef = 4CA3E8F8166264AA005B9D97 /* MobileCoreServices.framework */; };
		4CA3E8FB166264D3005B9D97 /* libz.1.2.5.dylib in Frameworks */ = {isa = PBXBuildFile; fileRef = 4CA3E8FA166264D3005B9D97 /* libz.1.2.5.dylib */; };
		4CA3E915166267E4005B9D97 /* ASIWebPageRequest.m in Sources */ = {isa = PBXBuildFile; fileRef = 4CA3E8FD166267E4005B9D97 /* ASIWebPageRequest.m */; };
		4CA3E916166267E4005B9D97 /* ASIAuthenticationDialog.m in Sources */ = {isa = PBXBuildFile; fileRef = 4CA3E900166267E4005B9D97 /* ASIAuthenticationDialog.m */; };
		4CA3E917166267E4005B9D97 /* ASIDataCompressor.m in Sources */ = {isa = PBXBuildFile; fileRef = 4CA3E903166267E4005B9D97 /* ASIDataCompressor.m */; };
		4CA3E918166267E4005B9D97 /* ASIDataDecompressor.m in Sources */ = {isa = PBXBuildFile; fileRef = 4CA3E905166267E4005B9D97 /* ASIDataDecompressor.m */; };
		4CA3E919166267E4005B9D97 /* ASIDownloadCache.m in Sources */ = {isa = PBXBuildFile; fileRef = 4CA3E907166267E4005B9D97 /* ASIDownloadCache.m */; };
		4CA3E91A166267E4005B9D97 /* ASIFormDataRequest.m in Sources */ = {isa = PBXBuildFile; fileRef = 4CA3E909166267E4005B9D97 /* ASIFormDataRequest.m */; };
		4CA3E91B166267E4005B9D97 /* ASIHTTPRequest.m in Sources */ = {isa = PBXBuildFile; fileRef = 4CA3E90B166267E4005B9D97 /* ASIHTTPRequest.m */; };
		4CA3E91C166267E4005B9D97 /* ASIInputStream.m in Sources */ = {isa = PBXBuildFile; fileRef = 4CA3E90F166267E4005B9D97 /* ASIInputStream.m */; };
		4CA3E91D166267E4005B9D97 /* ASINetworkQueue.m in Sources */ = {isa = PBXBuildFile; fileRef = 4CA3E911166267E4005B9D97 /* ASINetworkQueue.m */; };
		4CA3E91E166267E4005B9D97 /* Reachability.m in Sources */ = {isa = PBXBuildFile; fileRef = 4CA3E914166267E4005B9D97 /* Reachability.m */; };
		4CA3E92216626AC9005B9D97 /* JSONKit.m in Sources */ = {isa = PBXBuildFile; fileRef = 4CA3E92116626AC9005B9D97 /* JSONKit.m */; };
		4CA3E92416626AE8005B9D97 /* libz.dylib in Frameworks */ = {isa = PBXBuildFile; fileRef = 4CA3E92316626AE8005B9D97 /* libz.dylib */; };
/* End PBXBuildFile section */

/* Begin PBXFileReference section */
		4C406B72165CFA5C00D5BBCF /* magazine.app */ = {isa = PBXFileReference; explicitFileType = wrapper.application; includeInIndex = 0; path = magazine.app; sourceTree = BUILT_PRODUCTS_DIR; };
		4C406B76165CFA5C00D5BBCF /* UIKit.framework */ = {isa = PBXFileReference; lastKnownFileType = wrapper.framework; name = UIKit.framework; path = System/Library/Frameworks/UIKit.framework; sourceTree = SDKROOT; };
		4C406B78165CFA5C00D5BBCF /* Foundation.framework */ = {isa = PBXFileReference; lastKnownFileType = wrapper.framework; name = Foundation.framework; path = System/Library/Frameworks/Foundation.framework; sourceTree = SDKROOT; };
		4C406B7A165CFA5C00D5BBCF /* CoreGraphics.framework */ = {isa = PBXFileReference; lastKnownFileType = wrapper.framework; name = CoreGraphics.framework; path = System/Library/Frameworks/CoreGraphics.framework; sourceTree = SDKROOT; };
		4C406B7E165CFA5C00D5BBCF /* magazine-Info.plist */ = {isa = PBXFileReference; lastKnownFileType = text.plist.xml; path = "magazine-Info.plist"; sourceTree = "<group>"; };
		4C406B80165CFA5C00D5BBCF /* en */ = {isa = PBXFileReference; lastKnownFileType = text.plist.strings; name = en; path = en.lproj/InfoPlist.strings; sourceTree = "<group>"; };
		4C406B82165CFA5C00D5BBCF /* main.m */ = {isa = PBXFileReference; lastKnownFileType = sourcecode.c.objc; path = main.m; sourceTree = "<group>"; };
		4C406B84165CFA5C00D5BBCF /* magazine-Prefix.pch */ = {isa = PBXFileReference; lastKnownFileType = sourcecode.c.h; path = "magazine-Prefix.pch"; sourceTree = "<group>"; };
		4C406B85165CFA5C00D5BBCF /* AppDelegate.h */ = {isa = PBXFileReference; lastKnownFileType = sourcecode.c.h; path = AppDelegate.h; sourceTree = "<group>"; };
		4C406B86165CFA5C00D5BBCF /* AppDelegate.m */ = {isa = PBXFileReference; lastKnownFileType = sourcecode.c.objc; path = AppDelegate.m; sourceTree = "<group>"; };
		4C406B88165CFA5C00D5BBCF /* Default.png */ = {isa = PBXFileReference; lastKnownFileType = image.png; path = Default.png; sourceTree = "<group>"; };
		4C406B8A165CFA5C00D5BBCF /* Default@2x.png */ = {isa = PBXFileReference; lastKnownFileType = image.png; path = "Default@2x.png"; sourceTree = "<group>"; };
		4C406B8C165CFA5C00D5BBCF /* Default-568h@2x.png */ = {isa = PBXFileReference; lastKnownFileType = image.png; path = "Default-568h@2x.png"; sourceTree = "<group>"; };
		4C406BF0165D02A200D5BBCF /* logo.png */ = {isa = PBXFileReference; lastKnownFileType = image.png; name = logo.png; path = Resources/logo.png; sourceTree = "<group>"; };
		4C406BF4165D063C00D5BBCF /* WelcomeViewController.xib */ = {isa = PBXFileReference; fileEncoding = 4; lastKnownFileType = file.xib; path = WelcomeViewController.xib; sourceTree = "<group>"; };
		4C406BF7165D0AA100D5BBCF /* libxml2.dylib */ = {isa = PBXFileReference; lastKnownFileType = "compiled.mach-o.dylib"; name = libxml2.dylib; path = usr/lib/libxml2.dylib; sourceTree = SDKROOT; };
		4C406BF9165D106100D5BBCF /* BaseViewController.h */ = {isa = PBXFileReference; fileEncoding = 4; lastKnownFileType = sourcecode.c.h; path = BaseViewController.h; sourceTree = "<group>"; };
		4C406BFA165D106100D5BBCF /* BaseViewController.m */ = {isa = PBXFileReference; fileEncoding = 4; lastKnownFileType = sourcecode.c.objc; path = BaseViewController.m; sourceTree = "<group>"; };
		4C406BFC165D143200D5BBCF /* Constants.h */ = {isa = PBXFileReference; fileEncoding = 4; lastKnownFileType = sourcecode.c.h; path = Constants.h; sourceTree = "<group>"; };
		4C406C03165D1BF100D5BBCF /* arrow-left.png */ = {isa = PBXFileReference; lastKnownFileType = image.png; name = "arrow-left.png"; path = "Resources/arrow-left.png"; sourceTree = "<group>"; };
		4C406C04165D1BF100D5BBCF /* arrow-right.png */ = {isa = PBXFileReference; lastKnownFileType = image.png; name = "arrow-right.png"; path = "Resources/arrow-right.png"; sourceTree = "<group>"; };
		4C406C05165D1BF100D5BBCF /* arrows.png */ = {isa = PBXFileReference; lastKnownFileType = image.png; name = arrows.png; path = Resources/arrows.png; sourceTree = "<group>"; };
		4C406C06165D1BF100D5BBCF /* mm001.png */ = {isa = PBXFileReference; lastKnownFileType = image.png; name = mm001.png; path = Resources/mm001.png; sourceTree = "<group>"; };
		4C406C07165D1BF100D5BBCF /* mm002.png */ = {isa = PBXFileReference; lastKnownFileType = image.png; name = mm002.png; path = Resources/mm002.png; sourceTree = "<group>"; };
		4C406C08165D1BF100D5BBCF /* mm003.png */ = {isa = PBXFileReference; lastKnownFileType = image.png; name = mm003.png; path = Resources/mm003.png; sourceTree = "<group>"; };
		4C406C09165D1BF100D5BBCF /* mm004.png */ = {isa = PBXFileReference; lastKnownFileType = image.png; name = mm004.png; path = Resources/mm004.png; sourceTree = "<group>"; };
		4C406C0A165D1BF100D5BBCF /* mm005.png */ = {isa = PBXFileReference; lastKnownFileType = image.png; name = mm005.png; path = Resources/mm005.png; sourceTree = "<group>"; };
		4C406C0B165D1BF100D5BBCF /* mm006.png */ = {isa = PBXFileReference; lastKnownFileType = image.png; name = mm006.png; path = Resources/mm006.png; sourceTree = "<group>"; };
		4C406C15165D2C1300D5BBCF /* CoreData.framework */ = {isa = PBXFileReference; lastKnownFileType = wrapper.framework; name = CoreData.framework; path = System/Library/Frameworks/CoreData.framework; sourceTree = SDKROOT; };
		4C406C17165D2C4B00D5BBCF /* WelcomeViewController.h */ = {isa = PBXFileReference; fileEncoding = 4; lastKnownFileType = sourcecode.c.h; path = WelcomeViewController.h; sourceTree = "<group>"; };
		4C406C18165D2C4B00D5BBCF /* WelcomeViewController.m */ = {isa = PBXFileReference; fileEncoding = 4; lastKnownFileType = sourcecode.c.objc; path = WelcomeViewController.m; sourceTree = "<group>"; };
		4C406C20165D390C00D5BBCF /* QuartzCore.framework */ = {isa = PBXFileReference; lastKnownFileType = wrapper.framework; name = QuartzCore.framework; path = System/Library/Frameworks/QuartzCore.framework; sourceTree = SDKROOT; };
		4C406C27165E712300D5BBCF /* ArticleBaseViewController.h */ = {isa = PBXFileReference; fileEncoding = 4; lastKnownFileType = sourcecode.c.h; path = ArticleBaseViewController.h; sourceTree = "<group>"; };
		4C406C28165E712300D5BBCF /* ArticleBaseViewController.m */ = {isa = PBXFileReference; fileEncoding = 4; lastKnownFileType = sourcecode.c.objc; path = ArticleBaseViewController.m; sourceTree = "<group>"; };
		4C406C29165E712300D5BBCF /* ArticleBaseViewController.xib */ = {isa = PBXFileReference; fileEncoding = 4; lastKnownFileType = file.xib; path = ArticleBaseViewController.xib; sourceTree = "<group>"; };
		4C406C2C165E717F00D5BBCF /* PhotoBaseViewController.h */ = {isa = PBXFileReference; fileEncoding = 4; lastKnownFileType = sourcecode.c.h; path = PhotoBaseViewController.h; sourceTree = "<group>"; };
		4C406C2D165E717F00D5BBCF /* PhotoBaseViewController.m */ = {isa = PBXFileReference; fileEncoding = 4; lastKnownFileType = sourcecode.c.objc; path = PhotoBaseViewController.m; sourceTree = "<group>"; };
		4C406C2E165E717F00D5BBCF /* PhotoBaseViewController.xib */ = {isa = PBXFileReference; fileEncoding = 4; lastKnownFileType = file.xib; path = PhotoBaseViewController.xib; sourceTree = "<group>"; };
		4C406C31165E719C00D5BBCF /* PostBaseViewController.h */ = {isa = PBXFileReference; fileEncoding = 4; lastKnownFileType = sourcecode.c.h; path = PostBaseViewController.h; sourceTree = "<group>"; };
		4C406C32165E719C00D5BBCF /* PostBaseViewController.m */ = {isa = PBXFileReference; fileEncoding = 4; lastKnownFileType = sourcecode.c.objc; path = PostBaseViewController.m; sourceTree = "<group>"; };
		4C406C33165E719C00D5BBCF /* PostBaseViewController.xib */ = {isa = PBXFileReference; fileEncoding = 4; lastKnownFileType = file.xib; path = PostBaseViewController.xib; sourceTree = "<group>"; };
		4C406C36165E71EA00D5BBCF /* SettingViewController.h */ = {isa = PBXFileReference; fileEncoding = 4; lastKnownFileType = sourcecode.c.h; path = SettingViewController.h; sourceTree = "<group>"; };
		4C406C37165E71EA00D5BBCF /* SettingViewController.m */ = {isa = PBXFileReference; fileEncoding = 4; lastKnownFileType = sourcecode.c.objc; path = SettingViewController.m; sourceTree = "<group>"; };
		4C406C38165E71EA00D5BBCF /* SettingViewController.xib */ = {isa = PBXFileReference; fileEncoding = 4; lastKnownFileType = file.xib; path = SettingViewController.xib; sourceTree = "<group>"; };
		4C406C3B165E754900D5BBCF /* HomeViewController.h */ = {isa = PBXFileReference; fileEncoding = 4; lastKnownFileType = sourcecode.c.h; path = HomeViewController.h; sourceTree = "<group>"; };
		4C406C3C165E754A00D5BBCF /* HomeViewController.m */ = {isa = PBXFileReference; fileEncoding = 4; lastKnownFileType = sourcecode.c.objc; path = HomeViewController.m; sourceTree = "<group>"; };
		4C406C3D165E754B00D5BBCF /* HomeViewController.xib */ = {isa = PBXFileReference; fileEncoding = 4; lastKnownFileType = file.xib; path = HomeViewController.xib; sourceTree = "<group>"; };
		4C406C40165E7E6700D5BBCF /* ArticleListViewController.h */ = {isa = PBXFileReference; fileEncoding = 4; lastKnownFileType = sourcecode.c.h; path = ArticleListViewController.h; sourceTree = "<group>"; };
		4C406C41165E7E6700D5BBCF /* ArticleListViewController.m */ = {isa = PBXFileReference; fileEncoding = 4; lastKnownFileType = sourcecode.c.objc; path = ArticleListViewController.m; sourceTree = "<group>"; };
		4C406C42165E7E6700D5BBCF /* ArticleListViewController.xib */ = {isa = PBXFileReference; fileEncoding = 4; lastKnownFileType = file.xib; path = ArticleListViewController.xib; sourceTree = "<group>"; };
		4C406C45165E7ED500D5BBCF /* PhotoListViewController.h */ = {isa = PBXFileReference; fileEncoding = 4; lastKnownFileType = sourcecode.c.h; path = PhotoListViewController.h; sourceTree = "<group>"; };
		4C406C46165E7ED500D5BBCF /* PhotoListViewController.m */ = {isa = PBXFileReference; fileEncoding = 4; lastKnownFileType = sourcecode.c.objc; path = PhotoListViewController.m; sourceTree = "<group>"; };
		4C406C47165E7ED500D5BBCF /* PhotoListViewController.xib */ = {isa = PBXFileReference; fileEncoding = 4; lastKnownFileType = file.xib; path = PhotoListViewController.xib; sourceTree = "<group>"; };
		4C406C4A165E7F0F00D5BBCF /* PostListViewController.h */ = {isa = PBXFileReference; fileEncoding = 4; lastKnownFileType = sourcecode.c.h; path = PostListViewController.h; sourceTree = "<group>"; };
		4C406C4B165E7F0F00D5BBCF /* PostListViewController.m */ = {isa = PBXFileReference; fileEncoding = 4; lastKnownFileType = sourcecode.c.objc; path = PostListViewController.m; sourceTree = "<group>"; };
		4C406C4C165E7F0F00D5BBCF /* PostListViewController.xib */ = {isa = PBXFileReference; fileEncoding = 4; lastKnownFileType = file.xib; path = PostListViewController.xib; sourceTree = "<group>"; };
		4C406C4F165E828000D5BBCF /* blueArrow.png */ = {isa = PBXFileReference; lastKnownFileType = image.png; name = blueArrow.png; path = Resources/blueArrow.png; sourceTree = "<group>"; };
		4C406C50165E828000D5BBCF /* blueArrow@2x.png */ = {isa = PBXFileReference; lastKnownFileType = image.png; name = "blueArrow@2x.png"; path = "Resources/blueArrow@2x.png"; sourceTree = "<group>"; };
		4C406C51165E828000D5BBCF /* info@2x.png */ = {isa = PBXFileReference; lastKnownFileType = image.png; name = "info@2x.png"; path = "Resources/info@2x.png"; sourceTree = "<group>"; };
		4C406C52165E828000D5BBCF /* more@2x.png */ = {isa = PBXFileReference; lastKnownFileType = image.png; name = "more@2x.png"; path = "Resources/more@2x.png"; sourceTree = "<group>"; };
		4C406C53165E828000D5BBCF /* setting@2x.png */ = {isa = PBXFileReference; lastKnownFileType = image.png; name = "setting@2x.png"; path = "Resources/setting@2x.png"; sourceTree = "<group>"; };
		4C406C54165E828000D5BBCF /* share_sina.png */ = {isa = PBXFileReference; lastKnownFileType = image.png; name = share_sina.png; path = Resources/share_sina.png; sourceTree = "<group>"; };
		4C406C55165E828000D5BBCF /* share_tencent.png */ = {isa = PBXFileReference; lastKnownFileType = image.png; name = share_tencent.png; path = Resources/share_tencent.png; sourceTree = "<group>"; };
		4C406C56165E828000D5BBCF /* share@2x.png */ = {isa = PBXFileReference; lastKnownFileType = image.png; name = "share@2x.png"; path = "Resources/share@2x.png"; sourceTree = "<group>"; };
		4C406C57165E828000D5BBCF /* weibo@2x.png */ = {isa = PBXFileReference; lastKnownFileType = image.png; name = "weibo@2x.png"; path = "Resources/weibo@2x.png"; sourceTree = "<group>"; };
		4C406C64165E915200D5BBCF /* Setting.h */ = {isa = PBXFileReference; fileEncoding = 4; lastKnownFileType = sourcecode.c.h; path = Setting.h; sourceTree = "<group>"; };
		4C406C65165E915200D5BBCF /* Setting.m */ = {isa = PBXFileReference; fileEncoding = 4; lastKnownFileType = sourcecode.c.objc; path = Setting.m; sourceTree = "<group>"; };
		4C406C67165E916300D5BBCF /* Article.h */ = {isa = PBXFileReference; fileEncoding = 4; lastKnownFileType = sourcecode.c.h; path = Article.h; sourceTree = "<group>"; };
		4C406C68165E916300D5BBCF /* Article.m */ = {isa = PBXFileReference; fileEncoding = 4; lastKnownFileType = sourcecode.c.objc; path = Article.m; sourceTree = "<group>"; };
		4C406C6A165E917000D5BBCF /* Post.h */ = {isa = PBXFileReference; fileEncoding = 4; lastKnownFileType = sourcecode.c.h; path = Post.h; sourceTree = "<group>"; };
		4C406C6B165E917000D5BBCF /* Post.m */ = {isa = PBXFileReference; fileEncoding = 4; lastKnownFileType = sourcecode.c.objc; path = Post.m; sourceTree = "<group>"; };
		4C406C79165FC9FF00D5BBCF /* ArticleListCell.h */ = {isa = PBXFileReference; fileEncoding = 4; lastKnownFileType = sourcecode.c.h; path = ArticleListCell.h; sourceTree = "<group>"; };
		4C406C7A165FC9FF00D5BBCF /* ArticleListCell.m */ = {isa = PBXFileReference; fileEncoding = 4; lastKnownFileType = sourcecode.c.objc; path = ArticleListCell.m; sourceTree = "<group>"; };
		4C406C7C165FCA1E00D5BBCF /* ArticleListCell.xib */ = {isa = PBXFileReference; fileEncoding = 4; lastKnownFileType = file.xib; path = ArticleListCell.xib; sourceTree = "<group>"; };
		4C406C85165FDA2E00D5BBCF /* LoadingCell.xib */ = {isa = PBXFileReference; fileEncoding = 4; lastKnownFileType = file.xib; path = LoadingCell.xib; sourceTree = "<group>"; };
		4C406C87165FDA4400D5BBCF /* LoadingCell.h */ = {isa = PBXFileReference; fileEncoding = 4; lastKnownFileType = sourcecode.c.h; path = LoadingCell.h; sourceTree = "<group>"; };
		4C406C88165FDA4400D5BBCF /* LoadingCell.m */ = {isa = PBXFileReference; fileEncoding = 4; lastKnownFileType = sourcecode.c.objc; path = LoadingCell.m; sourceTree = "<group>"; };
		4C406C8A165FDFE300D5BBCF /* LoadingCellSingleton.h */ = {isa = PBXFileReference; fileEncoding = 4; lastKnownFileType = sourcecode.c.h; path = LoadingCellSingleton.h; sourceTree = "<group>"; };
		4C406C8B165FDFE400D5BBCF /* LoadingCellSingleton.m */ = {isa = PBXFileReference; fileEncoding = 4; lastKnownFileType = sourcecode.c.objc; path = LoadingCellSingleton.m; sourceTree = "<group>"; };
		4CA3E8F416626488005B9D97 /* CFNetwork.framework */ = {isa = PBXFileReference; lastKnownFileType = wrapper.framework; name = CFNetwork.framework; path = System/Library/Frameworks/CFNetwork.framework; sourceTree = SDKROOT; };
		4CA3E8F61662649B005B9D97 /* SystemConfiguration.framework */ = {isa = PBXFileReference; lastKnownFileType = wrapper.framework; name = SystemConfiguration.framework; path = System/Library/Frameworks/SystemConfiguration.framework; sourceTree = SDKROOT; };
		4CA3E8F8166264AA005B9D97 /* MobileCoreServices.framework */ = {isa = PBXFileReference; lastKnownFileType = wrapper.framework; name = MobileCoreServices.framework; path = System/Library/Frameworks/MobileCoreServices.framework; sourceTree = SDKROOT; };
		4CA3E8FA166264D3005B9D97 /* libz.1.2.5.dylib */ = {isa = PBXFileReference; lastKnownFileType = "compiled.mach-o.dylib"; name = libz.1.2.5.dylib; path = usr/lib/libz.1.2.5.dylib; sourceTree = SDKROOT; };
		4CA3E8FC166267E4005B9D97 /* ASIWebPageRequest.h */ = {isa = PBXFileReference; fileEncoding = 4; lastKnownFileType = sourcecode.c.h; name = ASIWebPageRequest.h; path = ASIHttpRequest/ASIWebPageRequest.h; sourceTree = "<group>"; };
		4CA3E8FD166267E4005B9D97 /* ASIWebPageRequest.m */ = {isa = PBXFileReference; fileEncoding = 4; lastKnownFileType = sourcecode.c.objc; name = ASIWebPageRequest.m; path = ASIHttpRequest/ASIWebPageRequest.m; sourceTree = "<group>"; };
		4CA3E8FF166267E4005B9D97 /* ASIAuthenticationDialog.h */ = {isa = PBXFileReference; fileEncoding = 4; lastKnownFileType = sourcecode.c.h; path = ASIAuthenticationDialog.h; sourceTree = "<group>"; };
		4CA3E900166267E4005B9D97 /* ASIAuthenticationDialog.m */ = {isa = PBXFileReference; fileEncoding = 4; lastKnownFileType = sourcecode.c.objc; path = ASIAuthenticationDialog.m; sourceTree = "<group>"; };
		4CA3E901166267E4005B9D97 /* ASICacheDelegate.h */ = {isa = PBXFileReference; fileEncoding = 4; lastKnownFileType = sourcecode.c.h; path = ASICacheDelegate.h; sourceTree = "<group>"; };
		4CA3E902166267E4005B9D97 /* ASIDataCompressor.h */ = {isa = PBXFileReference; fileEncoding = 4; lastKnownFileType = sourcecode.c.h; path = ASIDataCompressor.h; sourceTree = "<group>"; };
		4CA3E903166267E4005B9D97 /* ASIDataCompressor.m */ = {isa = PBXFileReference; fileEncoding = 4; lastKnownFileType = sourcecode.c.objc; path = ASIDataCompressor.m; sourceTree = "<group>"; };
		4CA3E904166267E4005B9D97 /* ASIDataDecompressor.h */ = {isa = PBXFileReference; fileEncoding = 4; lastKnownFileType = sourcecode.c.h; path = ASIDataDecompressor.h; sourceTree = "<group>"; };
		4CA3E905166267E4005B9D97 /* ASIDataDecompressor.m */ = {isa = PBXFileReference; fileEncoding = 4; lastKnownFileType = sourcecode.c.objc; path = ASIDataDecompressor.m; sourceTree = "<group>"; };
		4CA3E906166267E4005B9D97 /* ASIDownloadCache.h */ = {isa = PBXFileReference; fileEncoding = 4; lastKnownFileType = sourcecode.c.h; path = ASIDownloadCache.h; sourceTree = "<group>"; };
		4CA3E907166267E4005B9D97 /* ASIDownloadCache.m */ = {isa = PBXFileReference; fileEncoding = 4; lastKnownFileType = sourcecode.c.objc; path = ASIDownloadCache.m; sourceTree = "<group>"; };
		4CA3E908166267E4005B9D97 /* ASIFormDataRequest.h */ = {isa = PBXFileReference; fileEncoding = 4; lastKnownFileType = sourcecode.c.h; path = ASIFormDataRequest.h; sourceTree = "<group>"; };
		4CA3E909166267E4005B9D97 /* ASIFormDataRequest.m */ = {isa = PBXFileReference; fileEncoding = 4; lastKnownFileType = sourcecode.c.objc; path = ASIFormDataRequest.m; sourceTree = "<group>"; };
		4CA3E90A166267E4005B9D97 /* ASIHTTPRequest.h */ = {isa = PBXFileReference; fileEncoding = 4; lastKnownFileType = sourcecode.c.h; path = ASIHTTPRequest.h; sourceTree = "<group>"; };
		4CA3E90B166267E4005B9D97 /* ASIHTTPRequest.m */ = {isa = PBXFileReference; fileEncoding = 4; lastKnownFileType = sourcecode.c.objc; path = ASIHTTPRequest.m; sourceTree = "<group>"; };
		4CA3E90C166267E4005B9D97 /* ASIHTTPRequestConfig.h */ = {isa = PBXFileReference; fileEncoding = 4; lastKnownFileType = sourcecode.c.h; path = ASIHTTPRequestConfig.h; sourceTree = "<group>"; };
		4CA3E90D166267E4005B9D97 /* ASIHTTPRequestDelegate.h */ = {isa = PBXFileReference; fileEncoding = 4; lastKnownFileType = sourcecode.c.h; path = ASIHTTPRequestDelegate.h; sourceTree = "<group>"; };
		4CA3E90E166267E4005B9D97 /* ASIInputStream.h */ = {isa = PBXFileReference; fileEncoding = 4; lastKnownFileType = sourcecode.c.h; path = ASIInputStream.h; sourceTree = "<group>"; };
		4CA3E90F166267E4005B9D97 /* ASIInputStream.m */ = {isa = PBXFileReference; fileEncoding = 4; lastKnownFileType = sourcecode.c.objc; path = ASIInputStream.m; sourceTree = "<group>"; };
		4CA3E910166267E4005B9D97 /* ASINetworkQueue.h */ = {isa = PBXFileReference; fileEncoding = 4; lastKnownFileType = sourcecode.c.h; path = ASINetworkQueue.h; sourceTree = "<group>"; };
		4CA3E911166267E4005B9D97 /* ASINetworkQueue.m */ = {isa = PBXFileReference; fileEncoding = 4; lastKnownFileType = sourcecode.c.objc; path = ASINetworkQueue.m; sourceTree = "<group>"; };
		4CA3E912166267E4005B9D97 /* ASIProgressDelegate.h */ = {isa = PBXFileReference; fileEncoding = 4; lastKnownFileType = sourcecode.c.h; path = ASIProgressDelegate.h; sourceTree = "<group>"; };
		4CA3E913166267E4005B9D97 /* Reachability.h */ = {isa = PBXFileReference; fileEncoding = 4; lastKnownFileType = sourcecode.c.h; path = Reachability.h; sourceTree = "<group>"; };
		4CA3E914166267E4005B9D97 /* Reachability.m */ = {isa = PBXFileReference; fileEncoding = 4; lastKnownFileType = sourcecode.c.objc; path = Reachability.m; sourceTree = "<group>"; };
		4CA3E92016626AC9005B9D97 /* JSONKit.h */ = {isa = PBXFileReference; fileEncoding = 4; lastKnownFileType = sourcecode.c.h; name = JSONKit.h; path = magazine/JSONKit/JSONKit.h; sourceTree = "<group>"; };
		4CA3E92116626AC9005B9D97 /* JSONKit.m */ = {isa = PBXFileReference; fileEncoding = 4; lastKnownFileType = sourcecode.c.objc; name = JSONKit.m; path = magazine/JSONKit/JSONKit.m; sourceTree = "<group>"; };
		4CA3E92316626AE8005B9D97 /* libz.dylib */ = {isa = PBXFileReference; lastKnownFileType = "compiled.mach-o.dylib"; name = libz.dylib; path = usr/lib/libz.dylib; sourceTree = SDKROOT; };
/* End PBXFileReference section */

/* Begin PBXFrameworksBuildPhase section */
		4C406B6F165CFA5C00D5BBCF /* Frameworks */ = {
			isa = PBXFrameworksBuildPhase;
			buildActionMask = 2147483647;
			files = (
				4CA3E92416626AE8005B9D97 /* libz.dylib in Frameworks */,
				4CA3E8FB166264D3005B9D97 /* libz.1.2.5.dylib in Frameworks */,
				4C406B7B165CFA5C00D5BBCF /* CoreGraphics.framework in Frameworks */,
				4CA3E8F9166264AA005B9D97 /* MobileCoreServices.framework in Frameworks */,
				4CA3E8F71662649B005B9D97 /* SystemConfiguration.framework in Frameworks */,
				4CA3E8F516626488005B9D97 /* CFNetwork.framework in Frameworks */,
				4C406C21165D390C00D5BBCF /* QuartzCore.framework in Frameworks */,
				4C406C16165D2C1300D5BBCF /* CoreData.framework in Frameworks */,
				4C406BF8165D0AA100D5BBCF /* libxml2.dylib in Frameworks */,
				4C406B77165CFA5C00D5BBCF /* UIKit.framework in Frameworks */,
				4C406B79165CFA5C00D5BBCF /* Foundation.framework in Frameworks */,
			);
			runOnlyForDeploymentPostprocessing = 0;
		};
/* End PBXFrameworksBuildPhase section */

/* Begin PBXGroup section */
		4C406B67165CFA5C00D5BBCF = {
			isa = PBXGroup;
			children = (
				4CA3E91F16626A54005B9D97 /* JSONKIt */,
				4C406B7C165CFA5C00D5BBCF /* magazine */,
				4C406B75165CFA5C00D5BBCF /* Frameworks */,
				4C406B73165CFA5C00D5BBCF /* Products */,
			);
			sourceTree = "<group>";
		};
		4C406B73165CFA5C00D5BBCF /* Products */ = {
			isa = PBXGroup;
			children = (
				4C406B72165CFA5C00D5BBCF /* magazine.app */,
			);
			name = Products;
			sourceTree = "<group>";
		};
		4C406B75165CFA5C00D5BBCF /* Frameworks */ = {
			isa = PBXGroup;
			children = (
				4CA3E92316626AE8005B9D97 /* libz.dylib */,
				4CA3E8FA166264D3005B9D97 /* libz.1.2.5.dylib */,
				4CA3E8F8166264AA005B9D97 /* MobileCoreServices.framework */,
				4CA3E8F61662649B005B9D97 /* SystemConfiguration.framework */,
				4CA3E8F416626488005B9D97 /* CFNetwork.framework */,
				4C406BF7165D0AA100D5BBCF /* libxml2.dylib */,
				4C406C20165D390C00D5BBCF /* QuartzCore.framework */,
				4C406C15165D2C1300D5BBCF /* CoreData.framework */,
				4C406B76165CFA5C00D5BBCF /* UIKit.framework */,
				4C406B78165CFA5C00D5BBCF /* Foundation.framework */,
				4C406B7A165CFA5C00D5BBCF /* CoreGraphics.framework */,
			);
			name = Frameworks;
			sourceTree = "<group>";
		};
		4C406B7C165CFA5C00D5BBCF /* magazine */ = {
			isa = PBXGroup;
			children = (
				4C406BA6165CFC4900D5BBCF /* Model */,
				4C406BA5165CFC2000D5BBCF /* iPhone */,
				4C406BA4165CFBFA00D5BBCF /* ASIHttpRequest */,
				4C406BA3165CFBF100D5BBCF /* Utils */,
				4C406BA2165CFBDF00D5BBCF /* Resource */,
				4C406B85165CFA5C00D5BBCF /* AppDelegate.h */,
				4C406B86165CFA5C00D5BBCF /* AppDelegate.m */,
				4C406B7D165CFA5C00D5BBCF /* Supporting Files */,
				4C406BFC165D143200D5BBCF /* Constants.h */,
			);
			path = magazine;
			sourceTree = "<group>";
		};
		4C406B7D165CFA5C00D5BBCF /* Supporting Files */ = {
			isa = PBXGroup;
			children = (
				4C406B7E165CFA5C00D5BBCF /* magazine-Info.plist */,
				4C406B7F165CFA5C00D5BBCF /* InfoPlist.strings */,
				4C406B82165CFA5C00D5BBCF /* main.m */,
				4C406B84165CFA5C00D5BBCF /* magazine-Prefix.pch */,
				4C406B88165CFA5C00D5BBCF /* Default.png */,
				4C406B8A165CFA5C00D5BBCF /* Default@2x.png */,
				4C406B8C165CFA5C00D5BBCF /* Default-568h@2x.png */,
			);
			name = "Supporting Files";
			sourceTree = "<group>";
		};
		4C406BA2165CFBDF00D5BBCF /* Resource */ = {
			isa = PBXGroup;
			children = (
				4C406C4F165E828000D5BBCF /* blueArrow.png */,
				4C406C50165E828000D5BBCF /* blueArrow@2x.png */,
				4C406C51165E828000D5BBCF /* info@2x.png */,
				4C406C52165E828000D5BBCF /* more@2x.png */,
				4C406C53165E828000D5BBCF /* setting@2x.png */,
				4C406C54165E828000D5BBCF /* share_sina.png */,
				4C406C55165E828000D5BBCF /* share_tencent.png */,
				4C406C56165E828000D5BBCF /* share@2x.png */,
				4C406C57165E828000D5BBCF /* weibo@2x.png */,
				4C406C03165D1BF100D5BBCF /* arrow-left.png */,
				4C406C04165D1BF100D5BBCF /* arrow-right.png */,
				4C406C05165D1BF100D5BBCF /* arrows.png */,
				4C406C06165D1BF100D5BBCF /* mm001.png */,
				4C406C07165D1BF100D5BBCF /* mm002.png */,
				4C406C08165D1BF100D5BBCF /* mm003.png */,
				4C406C09165D1BF100D5BBCF /* mm004.png */,
				4C406C0A165D1BF100D5BBCF /* mm005.png */,
				4C406C0B165D1BF100D5BBCF /* mm006.png */,
				4C406BF0165D02A200D5BBCF /* logo.png */,
			);
			name = Resource;
			sourceTree = "<group>";
		};
		4C406BA3165CFBF100D5BBCF /* Utils */ = {
			isa = PBXGroup;
			children = (
			);
			name = Utils;
			sourceTree = "<group>";
		};
		4C406BA4165CFBFA00D5BBCF /* ASIHttpRequest */ = {
			isa = PBXGroup;
			children = (
				4CA3E8FC166267E4005B9D97 /* ASIWebPageRequest.h */,
				4CA3E8FD166267E4005B9D97 /* ASIWebPageRequest.m */,
				4CA3E8FE166267E4005B9D97 /* Classes */,
			);
			name = ASIHttpRequest;
			sourceTree = "<group>";
		};
		4C406BA5165CFC2000D5BBCF /* iPhone */ = {
			isa = PBXGroup;
			children = (
				4C406C84165FD99F00D5BBCF /* Loading */,
				4C406C26165E70CA00D5BBCF /* Setting */,
				4C406C25165E708300D5BBCF /* Posts */,
				4C406C24165E704100D5BBCF /* Photoes */,
				4C406C23165E702E00D5BBCF /* Articles */,
				4C406C22165E701A00D5BBCF /* Welcome */,
				4C406BF9165D106100D5BBCF /* BaseViewController.h */,
				4C406BFA165D106100D5BBCF /* BaseViewController.m */,
				4C406C3B165E754900D5BBCF /* HomeViewController.h */,
				4C406C3C165E754A00D5BBCF /* HomeViewController.m */,
				4C406C3D165E754B00D5BBCF /* HomeViewController.xib */,
			);
			name = iPhone;
			sourceTree = "<group>";
		};
		4C406BA6165CFC4900D5BBCF /* Model */ = {
			isa = PBXGroup;
			children = (
				4C406C63165E911E00D5BBCF /* Setting */,
				4C406C62165E911300D5BBCF /* Post */,
				4C406C61165E910900D5BBCF /* Article */,
			);
			name = Model;
			sourceTree = "<group>";
		};
		4C406C22165E701A00D5BBCF /* Welcome */ = {
			isa = PBXGroup;
			children = (
				4C406BF4165D063C00D5BBCF /* WelcomeViewController.xib */,
				4C406C17165D2C4B00D5BBCF /* WelcomeViewController.h */,
				4C406C18165D2C4B00D5BBCF /* WelcomeViewController.m */,
			);
			name = Welcome;
			sourceTree = "<group>";
		};
		4C406C23165E702E00D5BBCF /* Articles */ = {
			isa = PBXGroup;
			children = (
				4C406C27165E712300D5BBCF /* ArticleBaseViewController.h */,
				4C406C28165E712300D5BBCF /* ArticleBaseViewController.m */,
				4C406C29165E712300D5BBCF /* ArticleBaseViewController.xib */,
				4C406C40165E7E6700D5BBCF /* ArticleListViewController.h */,
				4C406C41165E7E6700D5BBCF /* ArticleListViewController.m */,
				4C406C42165E7E6700D5BBCF /* ArticleListViewController.xib */,
				4C406C79165FC9FF00D5BBCF /* ArticleListCell.h */,
				4C406C7A165FC9FF00D5BBCF /* ArticleListCell.m */,
				4C406C7C165FCA1E00D5BBCF /* ArticleListCell.xib */,
			);
			name = Articles;
			sourceTree = "<group>";
		};
		4C406C24165E704100D5BBCF /* Photoes */ = {
			isa = PBXGroup;
			children = (
				4C406C2C165E717F00D5BBCF /* PhotoBaseViewController.h */,
				4C406C2D165E717F00D5BBCF /* PhotoBaseViewController.m */,
				4C406C2E165E717F00D5BBCF /* PhotoBaseViewController.xib */,
				4C406C45165E7ED500D5BBCF /* PhotoListViewController.h */,
				4C406C46165E7ED500D5BBCF /* PhotoListViewController.m */,
				4C406C47165E7ED500D5BBCF /* PhotoListViewController.xib */,
			);
			name = Photoes;
			sourceTree = "<group>";
		};
		4C406C25165E708300D5BBCF /* Posts */ = {
			isa = PBXGroup;
			children = (
				4C406C31165E719C00D5BBCF /* PostBaseViewController.h */,
				4C406C32165E719C00D5BBCF /* PostBaseViewController.m */,
				4C406C33165E719C00D5BBCF /* PostBaseViewController.xib */,
				4C406C4A165E7F0F00D5BBCF /* PostListViewController.h */,
				4C406C4B165E7F0F00D5BBCF /* PostListViewController.m */,
				4C406C4C165E7F0F00D5BBCF /* PostListViewController.xib */,
			);
			name = Posts;
			sourceTree = "<group>";
		};
		4C406C26165E70CA00D5BBCF /* Setting */ = {
			isa = PBXGroup;
			children = (
				4C406C36165E71EA00D5BBCF /* SettingViewController.h */,
				4C406C37165E71EA00D5BBCF /* SettingViewController.m */,
				4C406C38165E71EA00D5BBCF /* SettingViewController.xib */,
			);
			name = Setting;
			sourceTree = "<group>";
		};
		4C406C61165E910900D5BBCF /* Article */ = {
			isa = PBXGroup;
			children = (
				4C406C67165E916300D5BBCF /* Article.h */,
				4C406C68165E916300D5BBCF /* Article.m */,
			);
			name = Article;
			sourceTree = "<group>";
		};
		4C406C62165E911300D5BBCF /* Post */ = {
			isa = PBXGroup;
			children = (
				4C406C6A165E917000D5BBCF /* Post.h */,
				4C406C6B165E917000D5BBCF /* Post.m */,
			);
			name = Post;
			sourceTree = "<group>";
		};
		4C406C63165E911E00D5BBCF /* Setting */ = {
			isa = PBXGroup;
			children = (
				4C406C64165E915200D5BBCF /* Setting.h */,
				4C406C65165E915200D5BBCF /* Setting.m */,
			);
			name = Setting;
			sourceTree = "<group>";
		};
		4C406C84165FD99F00D5BBCF /* Loading */ = {
			isa = PBXGroup;
			children = (
				4C406C85165FDA2E00D5BBCF /* LoadingCell.xib */,
				4C406C87165FDA4400D5BBCF /* LoadingCell.h */,
				4C406C88165FDA4400D5BBCF /* LoadingCell.m */,
				4C406C8A165FDFE300D5BBCF /* LoadingCellSingleton.h */,
				4C406C8B165FDFE400D5BBCF /* LoadingCellSingleton.m */,
			);
			name = Loading;
			sourceTree = "<group>";
		};
		4CA3E8FE166267E4005B9D97 /* Classes */ = {
			isa = PBXGroup;
			children = (
				4CA3E8FF166267E4005B9D97 /* ASIAuthenticationDialog.h */,
				4CA3E900166267E4005B9D97 /* ASIAuthenticationDialog.m */,
				4CA3E901166267E4005B9D97 /* ASICacheDelegate.h */,
				4CA3E902166267E4005B9D97 /* ASIDataCompressor.h */,
				4CA3E903166267E4005B9D97 /* ASIDataCompressor.m */,
				4CA3E904166267E4005B9D97 /* ASIDataDecompressor.h */,
				4CA3E905166267E4005B9D97 /* ASIDataDecompressor.m */,
				4CA3E906166267E4005B9D97 /* ASIDownloadCache.h */,
				4CA3E907166267E4005B9D97 /* ASIDownloadCache.m */,
				4CA3E908166267E4005B9D97 /* ASIFormDataRequest.h */,
				4CA3E909166267E4005B9D97 /* ASIFormDataRequest.m */,
				4CA3E90A166267E4005B9D97 /* ASIHTTPRequest.h */,
				4CA3E90B166267E4005B9D97 /* ASIHTTPRequest.m */,
				4CA3E90C166267E4005B9D97 /* ASIHTTPRequestConfig.h */,
				4CA3E90D166267E4005B9D97 /* ASIHTTPRequestDelegate.h */,
				4CA3E90E166267E4005B9D97 /* ASIInputStream.h */,
				4CA3E90F166267E4005B9D97 /* ASIInputStream.m */,
				4CA3E910166267E4005B9D97 /* ASINetworkQueue.h */,
				4CA3E911166267E4005B9D97 /* ASINetworkQueue.m */,
				4CA3E912166267E4005B9D97 /* ASIProgressDelegate.h */,
				4CA3E913166267E4005B9D97 /* Reachability.h */,
				4CA3E914166267E4005B9D97 /* Reachability.m */,
			);
			name = Classes;
			path = ASIHttpRequest/Classes;
			sourceTree = "<group>";
		};
		4CA3E91F16626A54005B9D97 /* JSONKIt */ = {
			isa = PBXGroup;
			children = (
				4CA3E92016626AC9005B9D97 /* JSONKit.h */,
				4CA3E92116626AC9005B9D97 /* JSONKit.m */,
			);
			name = JSONKIt;
			sourceTree = "<group>";
		};
/* End PBXGroup section */

/* Begin PBXNativeTarget section */
		4C406B71165CFA5C00D5BBCF /* magazine */ = {
			isa = PBXNativeTarget;
			buildConfigurationList = 4C406B99165CFA5C00D5BBCF /* Build configuration list for PBXNativeTarget "magazine" */;
			buildPhases = (
				4C406B6E165CFA5C00D5BBCF /* Sources */,
				4C406B6F165CFA5C00D5BBCF /* Frameworks */,
				4C406B70165CFA5C00D5BBCF /* Resources */,
			);
			buildRules = (
			);
			dependencies = (
			);
			name = magazine;
			productName = magazine;
			productReference = 4C406B72165CFA5C00D5BBCF /* magazine.app */;
			productType = "com.apple.product-type.application";
		};
/* End PBXNativeTarget section */

/* Begin PBXProject section */
		4C406B69165CFA5C00D5BBCF /* Project object */ = {
			isa = PBXProject;
			attributes = {
				LastUpgradeCheck = 0450;
				ORGANIZATIONNAME = brsoft;
			};
			buildConfigurationList = 4C406B6C165CFA5C00D5BBCF /* Build configuration list for PBXProject "magazine" */;
			compatibilityVersion = "Xcode 3.2";
			developmentRegion = English;
			hasScannedForEncodings = 0;
			knownRegions = (
				en,
			);
			mainGroup = 4C406B67165CFA5C00D5BBCF;
			productRefGroup = 4C406B73165CFA5C00D5BBCF /* Products */;
			projectDirPath = "";
			projectRoot = "";
			targets = (
				4C406B71165CFA5C00D5BBCF /* magazine */,
			);
		};
/* End PBXProject section */

/* Begin PBXResourcesBuildPhase section */
		4C406B70165CFA5C00D5BBCF /* Resources */ = {
			isa = PBXResourcesBuildPhase;
			buildActionMask = 2147483647;
			files = (
				4C406B81165CFA5C00D5BBCF /* InfoPlist.strings in Resources */,
				4C406B89165CFA5C00D5BBCF /* Default.png in Resources */,
				4C406B8B165CFA5C00D5BBCF /* Default@2x.png in Resources */,
				4C406B8D165CFA5C00D5BBCF /* Default-568h@2x.png in Resources */,
				4C406BF1165D02A200D5BBCF /* logo.png in Resources */,
				4C406BF6165D063C00D5BBCF /* WelcomeViewController.xib in Resources */,
				4C406C0C165D1BF100D5BBCF /* arrow-left.png in Resources */,
				4C406C0D165D1BF100D5BBCF /* arrow-right.png in Resources */,
				4C406C0E165D1BF100D5BBCF /* arrows.png in Resources */,
				4C406C0F165D1BF100D5BBCF /* mm001.png in Resources */,
				4C406C10165D1BF100D5BBCF /* mm002.png in Resources */,
				4C406C11165D1BF100D5BBCF /* mm003.png in Resources */,
				4C406C12165D1BF100D5BBCF /* mm004.png in Resources */,
				4C406C13165D1BF100D5BBCF /* mm005.png in Resources */,
				4C406C14165D1BF100D5BBCF /* mm006.png in Resources */,
				4C406C2B165E712300D5BBCF /* ArticleBaseViewController.xib in Resources */,
				4C406C30165E717F00D5BBCF /* PhotoBaseViewController.xib in Resources */,
				4C406C35165E719C00D5BBCF /* PostBaseViewController.xib in Resources */,
				4C406C3A165E71EA00D5BBCF /* SettingViewController.xib in Resources */,
				4C406C3F165E754C00D5BBCF /* HomeViewController.xib in Resources */,
				4C406C44165E7E6700D5BBCF /* ArticleListViewController.xib in Resources */,
				4C406C49165E7ED500D5BBCF /* PhotoListViewController.xib in Resources */,
				4C406C4E165E7F0F00D5BBCF /* PostListViewController.xib in Resources */,
				4C406C58165E828000D5BBCF /* blueArrow.png in Resources */,
				4C406C59165E828000D5BBCF /* blueArrow@2x.png in Resources */,
				4C406C5A165E828000D5BBCF /* info@2x.png in Resources */,
				4C406C5B165E828000D5BBCF /* more@2x.png in Resources */,
				4C406C5C165E828000D5BBCF /* setting@2x.png in Resources */,
				4C406C5D165E828000D5BBCF /* share_sina.png in Resources */,
				4C406C5E165E828000D5BBCF /* share_tencent.png in Resources */,
				4C406C5F165E828000D5BBCF /* share@2x.png in Resources */,
				4C406C60165E828000D5BBCF /* weibo@2x.png in Resources */,
				4C406C7D165FCA1E00D5BBCF /* ArticleListCell.xib in Resources */,
				4C406C86165FDA2E00D5BBCF /* LoadingCell.xib in Resources */,
			);
			runOnlyForDeploymentPostprocessing = 0;
		};
/* End PBXResourcesBuildPhase section */

/* Begin PBXSourcesBuildPhase section */
		4C406B6E165CFA5C00D5BBCF /* Sources */ = {
			isa = PBXSourcesBuildPhase;
			buildActionMask = 2147483647;
			files = (
				4C406C1F165D2CD100D5BBCF /* WelcomeViewController.m in Sources */,
				4C406B83165CFA5C00D5BBCF /* main.m in Sources */,
				4C406B87165CFA5C00D5BBCF /* AppDelegate.m in Sources */,
				4C406BFB165D106100D5BBCF /* BaseViewController.m in Sources */,
				4C406C2A165E712300D5BBCF /* ArticleBaseViewController.m in Sources */,
				4C406C2F165E717F00D5BBCF /* PhotoBaseViewController.m in Sources */,
				4C406C34165E719C00D5BBCF /* PostBaseViewController.m in Sources */,
				4C406C39165E71EA00D5BBCF /* SettingViewController.m in Sources */,
				4C406C3E165E754C00D5BBCF /* HomeViewController.m in Sources */,
				4C406C43165E7E6700D5BBCF /* ArticleListViewController.m in Sources */,
				4C406C48165E7ED500D5BBCF /* PhotoListViewController.m in Sources */,
				4C406C4D165E7F0F00D5BBCF /* PostListViewController.m in Sources */,
				4C406C66165E915200D5BBCF /* Setting.m in Sources */,
				4C406C69165E916300D5BBCF /* Article.m in Sources */,
				4C406C6C165E917000D5BBCF /* Post.m in Sources */,
				4C406C7B165FC9FF00D5BBCF /* ArticleListCell.m in Sources */,
				4C406C89165FDA4400D5BBCF /* LoadingCell.m in Sources */,
				4C406C8C165FDFE400D5BBCF /* LoadingCellSingleton.m in Sources */,
				4CA3E915166267E4005B9D97 /* ASIWebPageRequest.m in Sources */,
				4CA3E916166267E4005B9D97 /* ASIAuthenticationDialog.m in Sources */,
				4CA3E917166267E4005B9D97 /* ASIDataCompressor.m in Sources */,
				4CA3E918166267E4005B9D97 /* ASIDataDecompressor.m in Sources */,
				4CA3E919166267E4005B9D97 /* ASIDownloadCache.m in Sources */,
				4CA3E91A166267E4005B9D97 /* ASIFormDataRequest.m in Sources */,
				4CA3E91B166267E4005B9D97 /* ASIHTTPRequest.m in Sources */,
				4CA3E91C166267E4005B9D97 /* ASIInputStream.m in Sources */,
				4CA3E91D166267E4005B9D97 /* ASINetworkQueue.m in Sources */,
				4CA3E91E166267E4005B9D97 /* Reachability.m in Sources */,
				4CA3E92216626AC9005B9D97 /* JSONKit.m in Sources */,
			);
			runOnlyForDeploymentPostprocessing = 0;
		};
/* End PBXSourcesBuildPhase section */

/* Begin PBXVariantGroup section */
		4C406B7F165CFA5C00D5BBCF /* InfoPlist.strings */ = {
			isa = PBXVariantGroup;
			children = (
				4C406B80165CFA5C00D5BBCF /* en */,
			);
			name = InfoPlist.strings;
			sourceTree = "<group>";
		};
/* End PBXVariantGroup section */

/* Begin XCBuildConfiguration section */
		4C406B97165CFA5C00D5BBCF /* Debug */ = {
			isa = XCBuildConfiguration;
			buildSettings = {
				ALWAYS_SEARCH_USER_PATHS = NO;
				CLANG_CXX_LANGUAGE_STANDARD = "gnu++0x";
				CLANG_CXX_LIBRARY = "libc++";
				CLANG_ENABLE_OBJC_ARC = NO;
				CLANG_WARN_EMPTY_BODY = YES;
				CLANG_WARN__DUPLICATE_METHOD_MATCH = YES;
				"CODE_SIGN_IDENTITY[sdk=iphoneos*]" = "iPhone Developer";
				COPY_PHASE_STRIP = NO;
				GCC_C_LANGUAGE_STANDARD = gnu99;
				GCC_DYNAMIC_NO_PIC = NO;
				GCC_OPTIMIZATION_LEVEL = 0;
				GCC_PREPROCESSOR_DEFINITIONS = (
					"DEBUG=1",
					"$(inherited)",
				);
				GCC_SYMBOLS_PRIVATE_EXTERN = NO;
				GCC_WARN_ABOUT_RETURN_TYPE = YES;
				GCC_WARN_UNINITIALIZED_AUTOS = YES;
				GCC_WARN_UNUSED_VARIABLE = YES;
				IPHONEOS_DEPLOYMENT_TARGET = 6.0;
				ONLY_ACTIVE_ARCH = YES;
				SDKROOT = iphoneos;
				TARGETED_DEVICE_FAMILY = "1,2";
			};
			name = Debug;
		};
		4C406B98165CFA5C00D5BBCF /* Release */ = {
			isa = XCBuildConfiguration;
			buildSettings = {
				ALWAYS_SEARCH_USER_PATHS = NO;
				CLANG_CXX_LANGUAGE_STANDARD = "gnu++0x";
				CLANG_CXX_LIBRARY = "libc++";
				CLANG_ENABLE_OBJC_ARC = NO;
				CLANG_WARN_EMPTY_BODY = YES;
				CLANG_WARN__DUPLICATE_METHOD_MATCH = YES;
				"CODE_SIGN_IDENTITY[sdk=iphoneos*]" = "iPhone Developer";
				COPY_PHASE_STRIP = YES;
				GCC_C_LANGUAGE_STANDARD = gnu99;
				GCC_WARN_ABOUT_RETURN_TYPE = YES;
				GCC_WARN_UNINITIALIZED_AUTOS = YES;
				GCC_WARN_UNUSED_VARIABLE = YES;
				IPHONEOS_DEPLOYMENT_TARGET = 6.0;
				OTHER_CFLAGS = "-DNS_BLOCK_ASSERTIONS=1";
				SDKROOT = iphoneos;
				TARGETED_DEVICE_FAMILY = "1,2";
				VALIDATE_PRODUCT = YES;
			};
			name = Release;
		};
		4C406B9A165CFA5C00D5BBCF /* Debug */ = {
			isa = XCBuildConfiguration;
			buildSettings = {
				CLANG_WARN_OBJCPP_ARC_ABI = YES;
				GCC_PRECOMPILE_PREFIX_HEADER = YES;
				GCC_PREFIX_HEADER = "magazine/magazine-Prefix.pch";
				HEADER_SEARCH_PATHS = "\"${SDK_DIR}\"/usr/include/libxml2";
				INFOPLIST_FILE = "magazine/magazine-Info.plist";
				PRODUCT_NAME = "$(TARGET_NAME)";
				WRAPPER_EXTENSION = app;
			};
			name = Debug;
		};
		4C406B9B165CFA5C00D5BBCF /* Release */ = {
			isa = XCBuildConfiguration;
			buildSettings = {
				CLANG_WARN_OBJCPP_ARC_ABI = YES;
				GCC_PRECOMPILE_PREFIX_HEADER = YES;
				GCC_PREFIX_HEADER = "magazine/magazine-Prefix.pch";
				HEADER_SEARCH_PATHS = "\"${SDK_DIR}\"/usr/include/libxml2";
				INFOPLIST_FILE = "magazine/magazine-Info.plist";
				PRODUCT_NAME = "$(TARGET_NAME)";
				WRAPPER_EXTENSION = app;
			};
			name = Release;
		};
/* End XCBuildConfiguration section */

/* Begin XCConfigurationList section */
		4C406B6C165CFA5C00D5BBCF /* Build configuration list for PBXProject "magazine" */ = {
			isa = XCConfigurationList;
			buildConfigurations = (
				4C406B97165CFA5C00D5BBCF /* Debug */,
				4C406B98165CFA5C00D5BBCF /* Release */,
			);
			defaultConfigurationIsVisible = 0;
			defaultConfigurationName = Release;
		};
		4C406B99165CFA5C00D5BBCF /* Build configuration list for PBXNativeTarget "magazine" */ = {
			isa = XCConfigurationList;
			buildConfigurations = (
				4C406B9A165CFA5C00D5BBCF /* Debug */,
				4C406B9B165CFA5C00D5BBCF /* Release */,
			);
			defaultConfigurationIsVisible = 0;
			defaultConfigurationName = Release;
		};
/* End XCConfigurationList section */
	};
	rootObject = 4C406B69165CFA5C00D5BBCF /* Project object */;
}
